<?xml version="1.0" encoding="utf-8"?>
<Project ToolsVersion="4.0" xmlns="http://schemas.microsoft.com/developer/msbuild/2003">
  <ItemGroup>
    <Filter Include="리소스 파일">
      <UniqueIdentifier>{67DA6AB6-F800-4c08-8B7A-83BB121AAD01}</UniqueIdentifier>
      <Extensions>rc;ico;cur;bmp;dlg;rc2;rct;bin;rgs;gif;jpg;jpeg;jpe;resx;tiff;tif;png;wav;mfcribbon-ms</Extensions>
    </Filter>
    <Filter Include="Game">
      <UniqueIdentifier>{67026092-05b7-4ee4-885e-e324d093258d}</UniqueIdentifier>
    </Filter>
    <Filter Include="Map">
      <UniqueIdentifier>{96141b8f-0c0d-410b-b1ff-be85fc7b6727}</UniqueIdentifier>
    </Filter>
    <Filter Include="Object">
      <UniqueIdentifier>{b3426516-c7e5-4e03-b85f-82b1e254fff8}</UniqueIdentifier>
    </Filter>
  </ItemGroup>
  <ItemGroup>
    <ClCompile Include="main.cpp">
      <Filter>Game</Filter>
    </ClCompile>
    <ClCompile Include="Core.cpp">
      <Filter>Game</Filter>
    </ClCompile>
    <ClCompile Include="Stage.cpp">
      <Filter>Map</Filter>
    </ClCompile>
    <ClCompile Include="MapManager.cpp">
      <Filter>Map</Filter>
    </ClCompile>
    <ClCompile Include="console.cpp">
      <Filter>Game</Filter>
    </ClCompile>
  </ItemGroup>
  <ItemGroup>
    <ClInclude Include="Core.h">
      <Filter>Game</Filter>
    </ClInclude>
    <ClInclude Include="Define.h">
      <Filter>Game</Filter>
    </ClInclude>
    <ClInclude Include="Stage.h">
      <Filter>Map</Filter>
    </ClInclude>
    <ClInclude Include="MapManager.h">
      <Filter>Map</Filter>
    </ClInclude>
    <ClInclude Include="console.h">
      <Filter>Game</Filter>
    </ClInclude>
  </ItemGroup>
</Project>