
Microsoft Visual Studio Solution File, Format Version 12.00
# Visual Studio Version 17
VisualStudioVersion = 17.3.32825.248
MinimumVisualStudioVersion = 10.0.40219.1
Project("{8BC9CEB8-8B4A-11D0-8D11-00A0C91BC942}") = "2-3WinAPIGameProject", "2-3WinAPIGameProject\2-3WinAPIGameProject.vcxproj", "{095D708A-C589-4E8E-924A-71AC42FFCE89}"
EndProject
Project("{8BC9CEB8-8B4A-11D0-8D11-00A0C91BC942}") = "Temp", "Temp\Temp.vcxproj", "{6FCAF925-52B6-403A-A34E-2CBB22D1597C}"
EndProject
Project("{8BC9CEB8-8B4A-11D0-8D11-00A0C91BC942}") = "Suberunker", "Suberunker\Suberunker.vcxproj", "{2AF8DD46-88D8-44A8-B967-E9C3A4CFF043}"
EndProject
Project("{8BC9CEB8-8B4A-11D0-8D11-00A0C91BC942}") = "2023_winapi_framework(2-3)", "2023_winapi_framework(2-3)\2023_winapi_framework(2-3).vcxproj", "{16280B29-0C4A-4AAE-82DA-C74FEA543738}"
EndProject
Project("{8BC9CEB8-8B4A-11D0-8D11-00A0C91BC942}") = "Test", "Test\Test.vcxproj", "{E124A8AC-C622-4D39-8B82-7EC2E6EB40F1}"
EndProject
Global
	GlobalSection(SolutionConfigurationPlatforms) = preSolution
		Debug|x64 = Debug|x64
		Debug|x86 = Debug|x86
		Release|x64 = Release|x64
		Release|x86 = Release|x86
	EndGlobalSection
	GlobalSection(ProjectConfigurationPlatforms) = postSolution
		{095D708A-C589-4E8E-924A-71AC42FFCE89}.Debug|x64.ActiveCfg = Debug|x64
		{095D708A-C589-4E8E-924A-71AC42FFCE89}.Debug|x64.Build.0 = Debug|x64
		{095D708A-C589-4E8E-924A-71AC42FFCE89}.Debug|x86.ActiveCfg = Debug|Win32
		{095D708A-C589-4E8E-924A-71AC42FFCE89}.Debug|x86.Build.0 = Debug|Win32
		{095D708A-C589-4E8E-924A-71AC42FFCE89}.Release|x64.ActiveCfg = Release|x64
		{095D708A-C589-4E8E-924A-71AC42FFCE89}.Release|x64.Build.0 = Release|x64
		{095D708A-C589-4E8E-924A-71AC42FFCE89}.Release|x86.ActiveCfg = Release|Win32
		{095D708A-C589-4E8E-924A-71AC42FFCE89}.Release|x86.Build.0 = Release|Win32
		{6FCAF925-52B6-403A-A34E-2CBB22D1597C}.Debug|x64.ActiveCfg = Debug|x64
		{6FCAF925-52B6-403A-A34E-2CBB22D1597C}.Debug|x64.Build.0 = Debug|x64
		{6FCAF925-52B6-403A-A34E-2CBB22D1597C}.Debug|x86.ActiveCfg = Debug|Win32
		{6FCAF925-52B6-403A-A34E-2CBB22D1597C}.Debug|x86.Build.0 = Debug|Win32
		{6FCAF925-52B6-403A-A34E-2CBB22D1597C}.Release|x64.ActiveCfg = Release|x64
		{6FCAF925-52B6-403A-A34E-2CBB22D1597C}.Release|x64.Build.0 = Release|x64
		{6FCAF925-52B6-403A-A34E-2CBB22D1597C}.Release|x86.ActiveCfg = Release|Win32
		{6FCAF925-52B6-403A-A34E-2CBB22D1597C}.Release|x86.Build.0 = Release|Win32
		{2AF8DD46-88D8-44A8-B967-E9C3A4CFF043}.Debug|x64.ActiveCfg = Debug|x64
		{2AF8DD46-88D8-44A8-B967-E9C3A4CFF043}.Debug|x64.Build.0 = Debug|x64
		{2AF8DD46-88D8-44A8-B967-E9C3A4CFF043}.Debug|x86.ActiveCfg = Debug|Win32
		{2AF8DD46-88D8-44A8-B967-E9C3A4CFF043}.Debug|x86.Build.0 = Debug|Win32
		{2AF8DD46-88D8-44A8-B967-E9C3A4CFF043}.Release|x64.ActiveCfg = Release|x64
		{2AF8DD46-88D8-44A8-B967-E9C3A4CFF043}.Release|x64.Build.0 = Release|x64
		{2AF8DD46-88D8-44A8-B967-E9C3A4CFF043}.Release|x86.ActiveCfg = Release|Win32
		{2AF8DD46-88D8-44A8-B967-E9C3A4CFF043}.Release|x86.Build.0 = Release|Win32
		{16280B29-0C4A-4AAE-82DA-C74FEA543738}.Debug|x64.ActiveCfg = Debug|x64
		{16280B29-0C4A-4AAE-82DA-C74FEA543738}.Debug|x64.Build.0 = Debug|x64
		{16280B29-0C4A-4AAE-82DA-C74FEA543738}.Debug|x86.ActiveCfg = Debug|Win32
		{16280B29-0C4A-4AAE-82DA-C74FEA543738}.Debug|x86.Build.0 = Debug|Win32
		{16280B29-0C4A-4AAE-82DA-C74FEA543738}.Release|x64.ActiveCfg = Release|x64
		{16280B29-0C4A-4AAE-82DA-C74FEA543738}.Release|x64.Build.0 = Release|x64
		{16280B29-0C4A-4AAE-82DA-C74FEA543738}.Release|x86.ActiveCfg = Release|Win32
		{16280B29-0C4A-4AAE-82DA-C74FEA543738}.Release|x86.Build.0 = Release|Win32
		{E124A8AC-C622-4D39-8B82-7EC2E6EB40F1}.Debug|x64.ActiveCfg = Debug|x64
		{E124A8AC-C622-4D39-8B82-7EC2E6EB40F1}.Debug|x64.Build.0 = Debug|x64
		{E124A8AC-C622-4D39-8B82-7EC2E6EB40F1}.Debug|x86.ActiveCfg = Debug|Win32
		{E124A8AC-C622-4D39-8B82-7EC2E6EB40F1}.Debug|x86.Build.0 = Debug|Win32
		{E124A8AC-C622-4D39-8B82-7EC2E6EB40F1}.Release|x64.ActiveCfg = Release|x64
		{E124A8AC-C622-4D39-8B82-7EC2E6EB40F1}.Release|x64.Build.0 = Release|x64
		{E124A8AC-C622-4D39-8B82-7EC2E6EB40F1}.Release|x86.ActiveCfg = Release|Win32
		{E124A8AC-C622-4D39-8B82-7EC2E6EB40F1}.Release|x86.Build.0 = Release|Win32
	EndGlobalSection
	GlobalSection(SolutionProperties) = preSolution
		HideSolutionNode = FALSE
	EndGlobalSection
	GlobalSection(ExtensibilityGlobals) = postSolution
		SolutionGuid = {EB9D391B-5767-43DB-A4A2-3BA25677A655}
	EndGlobalSection
EndGlobal
